
Microsoft Visual Studio Solution File, Format Version 12.00
# Visual Studio Version 17
VisualStudioVersion = 17.0.31919.166
MinimumVisualStudioVersion = 10.0.40219.1
Project("{9A19103F-16F7-4668-BE54-9A1E7A4F7556}") = "WebApi", "src\WebApi\WebApi.csproj", "{1321CAE8-1DCE-4CAD-B0D4-7314D1346DEE}"
EndProject
Project("{2150E333-8FDC-42A3-9474-1A3956D46DE8}") = "0 - Solution Items", "0 - Solution Items", "{8773B507-906D-4D8F-AFE8-7CD268C91DFC}"
	ProjectSection(SolutionItems) = preProject
		.editorconfig = .editorconfig
		.gitignore = .gitignore
		.gitlab-ci.yml = .gitlab-ci.yml
		README.md = README.md
	EndProjectSection
EndProject
Project("{2150E333-8FDC-42A3-9474-1A3956D46DE8}") = "2 - Applications", "2 - Applications", "{991FFD99-CC3B-43EF-8BC6-AF094F997CAF}"
EndProject
Project("{2150E333-8FDC-42A3-9474-1A3956D46DE8}") = "1 - Libraries", "1 - Libraries", "{D0BB3801-185D-48A5-A2B6-4D2564BAA606}"
EndProject
Project("{FAE04EC0-301F-11D3-BF4B-00C04F79EFBC}") = "Domain", "src\Domain\Domain.csproj", "{B71B6584-816C-4FBF-907F-1958B62EF71A}"
EndProject
Project("{FAE04EC0-301F-11D3-BF4B-00C04F79EFBC}") = "Infrastructure.MongoDb", "src\Infrastructure.MongoDb\Infrastructure.MongoDb.csproj", "{48DB4268-F367-4A8E-8757-AA2C5DBA0740}"
EndProject
Global
	GlobalSection(SolutionConfigurationPlatforms) = preSolution
		Debug|Any CPU = Debug|Any CPU
		Release|Any CPU = Release|Any CPU
	EndGlobalSection
	GlobalSection(ProjectConfigurationPlatforms) = postSolution
		{1321CAE8-1DCE-4CAD-B0D4-7314D1346DEE}.Debug|Any CPU.ActiveCfg = Debug|Any CPU
		{1321CAE8-1DCE-4CAD-B0D4-7314D1346DEE}.Debug|Any CPU.Build.0 = Debug|Any CPU
		{1321CAE8-1DCE-4CAD-B0D4-7314D1346DEE}.Release|Any CPU.ActiveCfg = Release|Any CPU
		{1321CAE8-1DCE-4CAD-B0D4-7314D1346DEE}.Release|Any CPU.Build.0 = Release|Any CPU
		{B71B6584-816C-4FBF-907F-1958B62EF71A}.Debug|Any CPU.ActiveCfg = Debug|Any CPU
		{B71B6584-816C-4FBF-907F-1958B62EF71A}.Debug|Any CPU.Build.0 = Debug|Any CPU
		{B71B6584-816C-4FBF-907F-1958B62EF71A}.Release|Any CPU.ActiveCfg = Release|Any CPU
		{B71B6584-816C-4FBF-907F-1958B62EF71A}.Release|Any CPU.Build.0 = Release|Any CPU
		{48DB4268-F367-4A8E-8757-AA2C5DBA0740}.Debug|Any CPU.ActiveCfg = Debug|Any CPU
		{48DB4268-F367-4A8E-8757-AA2C5DBA0740}.Debug|Any CPU.Build.0 = Debug|Any CPU
		{48DB4268-F367-4A8E-8757-AA2C5DBA0740}.Release|Any CPU.ActiveCfg = Release|Any CPU
		{48DB4268-F367-4A8E-8757-AA2C5DBA0740}.Release|Any CPU.Build.0 = Release|Any CPU
	EndGlobalSection
	GlobalSection(SolutionProperties) = preSolution
		HideSolutionNode = FALSE
	EndGlobalSection
	GlobalSection(NestedProjects) = preSolution
		{1321CAE8-1DCE-4CAD-B0D4-7314D1346DEE} = {991FFD99-CC3B-43EF-8BC6-AF094F997CAF}
		{B71B6584-816C-4FBF-907F-1958B62EF71A} = {D0BB3801-185D-48A5-A2B6-4D2564BAA606}
		{48DB4268-F367-4A8E-8757-AA2C5DBA0740} = {D0BB3801-185D-48A5-A2B6-4D2564BAA606}
	EndGlobalSection
	GlobalSection(ExtensibilityGlobals) = postSolution
		SolutionGuid = {5257BEC6-1AD5-4443-B97C-24E7F1F30CBA}
	EndGlobalSection
EndGlobal
